
Microsoft Visual Studio Solution File, Format Version 12.00
# Visual Studio Version 17
VisualStudioVersion = 17.9.34728.123
MinimumVisualStudioVersion = 10.0.40219.1
Project("{FAE04EC0-301F-11D3-BF4B-00C04F79EFBC}") = "WinFormsApp2", "WinFormsApp2\WinFormsApp2.csproj", "{E5E81CDE-9BEA-4ADF-B8FD-578A2291F578}"
EndProject
Global
	GlobalSection(SolutionConfigurationPlatforms) = preSolution
		Debug|Any CPU = Debug|Any CPU
		Release|Any CPU = Release|Any CPU
	EndGlobalSection
	GlobalSection(ProjectConfigurationPlatforms) = postSolution
		{E5E81CDE-9BEA-4ADF-B8FD-578A2291F578}.Debug|Any CPU.ActiveCfg = Debug|Any CPU
		{E5E81CDE-9BEA-4ADF-B8FD-578A2291F578}.Debug|Any CPU.Build.0 = Debug|Any CPU
		{E5E81CDE-9BEA-4ADF-B8FD-578A2291F578}.Release|Any CPU.ActiveCfg = Release|Any CPU
		{E5E81CDE-9BEA-4ADF-B8FD-578A2291F578}.Release|Any CPU.Build.0 = Release|Any CPU
	EndGlobalSection
	GlobalSection(SolutionProperties) = preSolution
		HideSolutionNode = FALSE
	EndGlobalSection
	GlobalSection(ExtensibilityGlobals) = postSolution
		SolutionGuid = {09C21796-AC0F-42AD-B9ED-697E0C7855B9}
	EndGlobalSection
EndGlobal
